// !$*UTF8*$!
{
	archiveVersion = 1;
	classes = {
	};
	objectVersion = 55;
	objects = {

/* Begin PBXBuildFile section */
		06047BD7279B6389000ADA4D /* IAPViewScaffold.swift in Sources */ = {isa = PBXBuildFile; fileRef = 06047BD6279B6389000ADA4D /* IAPViewScaffold.swift */; };
		06047BE4279C3FA3000ADA4D /* PurchaseButton.swift in Sources */ = {isa = PBXBuildFile; fileRef = 06047BE3279C3FA3000ADA4D /* PurchaseButton.swift */; };
		06047BE6279C43CC000ADA4D /* RestoreButton.swift in Sources */ = {isa = PBXBuildFile; fileRef = 06047BE5279C43CC000ADA4D /* RestoreButton.swift */; };
		06047BE8279C4965000ADA4D /* IAPBenefit.swift in Sources */ = {isa = PBXBuildFile; fileRef = 06047BE7279C4965000ADA4D /* IAPBenefit.swift */; };
		06047BED279C71B9000ADA4D /* Shake.swift in Sources */ = {isa = PBXBuildFile; fileRef = 06047BEC279C71B9000ADA4D /* Shake.swift */; };
		06047BEF279C71CB000ADA4D /* Bounce.swift in Sources */ = {isa = PBXBuildFile; fileRef = 06047BEE279C71CB000ADA4D /* Bounce.swift */; };
		06047BF4279C747F000ADA4D /* Currency.swift in Sources */ = {isa = PBXBuildFile; fileRef = 06047BF3279C747F000ADA4D /* Currency.swift */; };
		06047BF6279C8697000ADA4D /* Extension+Color.swift in Sources */ = {isa = PBXBuildFile; fileRef = 06047BF5279C8697000ADA4D /* Extension+Color.swift */; };
		06047BF8279C86F2000ADA4D /* Extension+UIImage.swift in Sources */ = {isa = PBXBuildFile; fileRef = 06047BF7279C86F2000ADA4D /* Extension+UIImage.swift */; };
		06047BFA279C8BE1000ADA4D /* BillingOption.swift in Sources */ = {isa = PBXBuildFile; fileRef = 06047BF9279C8BE1000ADA4D /* BillingOption.swift */; };
		06047BFC279C8C3E000ADA4D /* SearchBar.swift in Sources */ = {isa = PBXBuildFile; fileRef = 06047BFB279C8C3E000ADA4D /* SearchBar.swift */; };
		06047BFE279C8C5D000ADA4D /* License.swift in Sources */ = {isa = PBXBuildFile; fileRef = 06047BFD279C8C5D000ADA4D /* License.swift */; };
		06047C00279C8CA2000ADA4D /* CloseButton.swift in Sources */ = {isa = PBXBuildFile; fileRef = 06047BFF279C8CA2000ADA4D /* CloseButton.swift */; };
		06047C02279C916A000ADA4D /* SubscriptionDetailsForm.swift in Sources */ = {isa = PBXBuildFile; fileRef = 06047C01279C916A000ADA4D /* SubscriptionDetailsForm.swift */; };
		06047C04279C92E0000ADA4D /* AcknowledgementView.swift in Sources */ = {isa = PBXBuildFile; fileRef = 06047C03279C92E0000ADA4D /* AcknowledgementView.swift */; };
		06047C06279C93C3000ADA4D /* SampleData.swift in Sources */ = {isa = PBXBuildFile; fileRef = 06047C05279C93C3000ADA4D /* SampleData.swift */; };
		06047C09279C9876000ADA4D /* Extension+View.swift in Sources */ = {isa = PBXBuildFile; fileRef = 06047C08279C9876000ADA4D /* Extension+View.swift */; };
		06047C0B279C98BC000ADA4D /* ItemRow.swift in Sources */ = {isa = PBXBuildFile; fileRef = 06047C0A279C98BC000ADA4D /* ItemRow.swift */; };
		06047C0D279C99D4000ADA4D /* DateCalculations.swift in Sources */ = {isa = PBXBuildFile; fileRef = 06047C0C279C99D4000ADA4D /* DateCalculations.swift */; };
		06047C0F279C9C19000ADA4D /* SubscriptionItems.swift in Sources */ = {isa = PBXBuildFile; fileRef = 06047C0E279C9C19000ADA4D /* SubscriptionItems.swift */; };
		06047C13279D96FD000ADA4D /* InfoPlist.strings in Resources */ = {isa = PBXBuildFile; fileRef = 06047C11279D96FC000ADA4D /* InfoPlist.strings */; };
		062020852788D27400CC6836 /* SubscriptionForm.swift in Sources */ = {isa = PBXBuildFile; fileRef = 062020842788D27400CC6836 /* SubscriptionForm.swift */; };
		06409F39276932BF00ED3B7A /* SubscriptionsApp.swift in Sources */ = {isa = PBXBuildFile; fileRef = 06409F38276932BF00ED3B7A /* SubscriptionsApp.swift */; };
		06409F3B276932BF00ED3B7A /* ContentView.swift in Sources */ = {isa = PBXBuildFile; fileRef = 06409F3A276932BF00ED3B7A /* ContentView.swift */; };
		06409F3D276932C000ED3B7A /* Assets.xcassets in Resources */ = {isa = PBXBuildFile; fileRef = 06409F3C276932C000ED3B7A /* Assets.xcassets */; };
		06409F40276932C000ED3B7A /* Preview Assets.xcassets in Resources */ = {isa = PBXBuildFile; fileRef = 06409F3F276932C000ED3B7A /* Preview Assets.xcassets */; };
		06409F42276932C000ED3B7A /* Persistence.swift in Sources */ = {isa = PBXBuildFile; fileRef = 06409F41276932C000ED3B7A /* Persistence.swift */; };
		06409F45276932C000ED3B7A /* Subscriptions.xcdatamodeld in Sources */ = {isa = PBXBuildFile; fileRef = 06409F43276932C000ED3B7A /* Subscriptions.xcdatamodeld */; };
		06409F4F276932C000ED3B7A /* SubscriptionsTests.swift in Sources */ = {isa = PBXBuildFile; fileRef = 06409F4E276932C000ED3B7A /* SubscriptionsTests.swift */; };
		06409F59276932C000ED3B7A /* SubscriptionsUITests.swift in Sources */ = {isa = PBXBuildFile; fileRef = 06409F58276932C000ED3B7A /* SubscriptionsUITests.swift */; };
		06409F5B276932C000ED3B7A /* SubscriptionsUITestsLaunchTests.swift in Sources */ = {isa = PBXBuildFile; fileRef = 06409F5A276932C000ED3B7A /* SubscriptionsUITestsLaunchTests.swift */; };
		0680FD8C278A145700A35783 /* FaviconFinder in Frameworks */ = {isa = PBXBuildFile; productRef = 0680FD8B278A145700A35783 /* FaviconFinder */; };
		0680FD8E278AED5800A35783 /* Icons.swift in Sources */ = {isa = PBXBuildFile; fileRef = 0680FD8D278AED5800A35783 /* Icons.swift */; };
		0680FD90278AEF3F00A35783 /* IconPicker.swift in Sources */ = {isa = PBXBuildFile; fileRef = 0680FD8F278AEF3F00A35783 /* IconPicker.swift */; };
		0680FD92278B111500A35783 /* ImagePicker.swift in Sources */ = {isa = PBXBuildFile; fileRef = 0680FD91278B111500A35783 /* ImagePicker.swift */; };
		0680FD94278B1BBD00A35783 /* SettingsView.swift in Sources */ = {isa = PBXBuildFile; fileRef = 0680FD93278B1BBD00A35783 /* SettingsView.swift */; };
		0680FD98278B5ED800A35783 /* CloudKit.framework in Frameworks */ = {isa = PBXBuildFile; fileRef = 0680FD97278B5ED800A35783 /* CloudKit.framework */; };
		0680FD9A278B6D7F00A35783 /* StoreKit.framework in Frameworks */ = {isa = PBXBuildFile; fileRef = 0680FD99278B6D7F00A35783 /* StoreKit.framework */; };
		0680FD9C278B6D9D00A35783 /* StoreManager.swift in Sources */ = {isa = PBXBuildFile; fileRef = 0680FD9B278B6D9D00A35783 /* StoreManager.swift */; };
		0680FD9E278B6F9A00A35783 /* PremiumIAPView.swift in Sources */ = {isa = PBXBuildFile; fileRef = 0680FD9D278B6F9A00A35783 /* PremiumIAPView.swift */; };
		0680FDA0279451A900A35783 /* TipJarView.swift in Sources */ = {isa = PBXBuildFile; fileRef = 0680FD9F279451A800A35783 /* TipJarView.swift */; };
		06998F4727AC61FA008A9B87 /* NotificationScheduler.swift in Sources */ = {isa = PBXBuildFile; fileRef = 06998F4627AC61FA008A9B87 /* NotificationScheduler.swift */; };
		06998F4A27AE7799008A9B87 /* Icons.json in Resources */ = {isa = PBXBuildFile; fileRef = 06998F4C27AE7799008A9B87 /* Icons.json */; };
		06998F4F27AED331008A9B87 /* Extension+Bundle.swift in Sources */ = {isa = PBXBuildFile; fileRef = 06998F4E27AED331008A9B87 /* Extension+Bundle.swift */; };
		06998F5227B59CA4008A9B87 /* Sentry in Frameworks */ = {isa = PBXBuildFile; productRef = 06998F5127B59CA4008A9B87 /* Sentry */; };
		06998F5427B6CDD7008A9B87 /* CategoryView.swift in Sources */ = {isa = PBXBuildFile; fileRef = 06998F5327B6CDD7008A9B87 /* CategoryView.swift */; };
		06998F5827B6E70C008A9B87 /* SubscriptionDetailView.swift in Sources */ = {isa = PBXBuildFile; fileRef = 06998F5727B6E70C008A9B87 /* SubscriptionDetailView.swift */; };
		06998F5A27B6E73D008A9B87 /* Formatter.swift in Sources */ = {isa = PBXBuildFile; fileRef = 06998F5927B6E73D008A9B87 /* Formatter.swift */; };
		06C1A2BA27A5CA5500112ECC /* ShakeGesture.swift in Sources */ = {isa = PBXBuildFile; fileRef = 06C1A2B927A5CA5500112ECC /* ShakeGesture.swift */; };
		06C1A2BC27A5CE7C00112ECC /* LicenseView.swift in Sources */ = {isa = PBXBuildFile; fileRef = 06C1A2BB27A5CE7C00112ECC /* LicenseView.swift */; };
		06DEA566279486D400FC6412 /* Localizable.strings in Resources */ = {isa = PBXBuildFile; fileRef = 06DEA564279486D400FC6412 /* Localizable.strings */; };
		06DEA569279486D500FC6412 /* Subscriptions-InfoPlist.strings in Resources */ = {isa = PBXBuildFile; fileRef = 06DEA567279486D400FC6412 /* Subscriptions-InfoPlist.strings */; };
/* End PBXBuildFile section */

/* Begin PBXContainerItemProxy section */
		06409F4B276932C000ED3B7A /* PBXContainerItemProxy */ = {
			isa = PBXContainerItemProxy;
			containerPortal = 06409F2D276932BF00ED3B7A /* Project object */;
			proxyType = 1;
			remoteGlobalIDString = 06409F34276932BF00ED3B7A;
			remoteInfo = Subscriptions;
		};
		06409F55276932C000ED3B7A /* PBXContainerItemProxy */ = {
			isa = PBXContainerItemProxy;
			containerPortal = 06409F2D276932BF00ED3B7A /* Project object */;
			proxyType = 1;
			remoteGlobalIDString = 06409F34276932BF00ED3B7A;
			remoteInfo = Subscriptions;
		};
/* End PBXContainerItemProxy section */

/* Begin PBXFileReference section */
		06047BD3279B10B3000ADA4D /* Info.plist */ = {isa = PBXFileReference; lastKnownFileType = text.plist.xml; path = Info.plist; sourceTree = "<group>"; };
		06047BD5279B540B000ADA4D /* .fossa.yml */ = {isa = PBXFileReference; lastKnownFileType = text.yaml; path = .fossa.yml; sourceTree = "<group>"; };
		06047BD6279B6389000ADA4D /* IAPViewScaffold.swift */ = {isa = PBXFileReference; lastKnownFileType = sourcecode.swift; path = IAPViewScaffold.swift; sourceTree = "<group>"; };
		06047BE3279C3FA3000ADA4D /* PurchaseButton.swift */ = {isa = PBXFileReference; lastKnownFileType = sourcecode.swift; path = PurchaseButton.swift; sourceTree = "<group>"; };
		06047BE5279C43CC000ADA4D /* RestoreButton.swift */ = {isa = PBXFileReference; lastKnownFileType = sourcecode.swift; path = RestoreButton.swift; sourceTree = "<group>"; };
		06047BE7279C4965000ADA4D /* IAPBenefit.swift */ = {isa = PBXFileReference; lastKnownFileType = sourcecode.swift; path = IAPBenefit.swift; sourceTree = "<group>"; };
		06047BEC279C71B9000ADA4D /* Shake.swift */ = {isa = PBXFileReference; lastKnownFileType = sourcecode.swift; path = Shake.swift; sourceTree = "<group>"; };
		06047BEE279C71CB000ADA4D /* Bounce.swift */ = {isa = PBXFileReference; lastKnownFileType = sourcecode.swift; path = Bounce.swift; sourceTree = "<group>"; };
		06047BF3279C747F000ADA4D /* Currency.swift */ = {isa = PBXFileReference; lastKnownFileType = sourcecode.swift; path = Currency.swift; sourceTree = "<group>"; };
		06047BF5279C8697000ADA4D /* Extension+Color.swift */ = {isa = PBXFileReference; lastKnownFileType = sourcecode.swift; path = "Extension+Color.swift"; sourceTree = "<group>"; };
		06047BF7279C86F2000ADA4D /* Extension+UIImage.swift */ = {isa = PBXFileReference; lastKnownFileType = sourcecode.swift; path = "Extension+UIImage.swift"; sourceTree = "<group>"; };
		06047BF9279C8BE1000ADA4D /* BillingOption.swift */ = {isa = PBXFileReference; lastKnownFileType = sourcecode.swift; path = BillingOption.swift; sourceTree = "<group>"; };
		06047BFB279C8C3E000ADA4D /* SearchBar.swift */ = {isa = PBXFileReference; lastKnownFileType = sourcecode.swift; path = SearchBar.swift; sourceTree = "<group>"; };
		06047BFD279C8C5D000ADA4D /* License.swift */ = {isa = PBXFileReference; lastKnownFileType = sourcecode.swift; path = License.swift; sourceTree = "<group>"; };
		06047BFF279C8CA2000ADA4D /* CloseButton.swift */ = {isa = PBXFileReference; lastKnownFileType = sourcecode.swift; path = CloseButton.swift; sourceTree = "<group>"; };
		06047C01279C916A000ADA4D /* SubscriptionDetailsForm.swift */ = {isa = PBXFileReference; lastKnownFileType = sourcecode.swift; path = SubscriptionDetailsForm.swift; sourceTree = "<group>"; };
		06047C03279C92E0000ADA4D /* AcknowledgementView.swift */ = {isa = PBXFileReference; lastKnownFileType = sourcecode.swift; path = AcknowledgementView.swift; sourceTree = "<group>"; };
		06047C05279C93C3000ADA4D /* SampleData.swift */ = {isa = PBXFileReference; lastKnownFileType = sourcecode.swift; path = SampleData.swift; sourceTree = "<group>"; };
		06047C08279C9876000ADA4D /* Extension+View.swift */ = {isa = PBXFileReference; lastKnownFileType = sourcecode.swift; path = "Extension+View.swift"; sourceTree = "<group>"; };
		06047C0A279C98BC000ADA4D /* ItemRow.swift */ = {isa = PBXFileReference; lastKnownFileType = sourcecode.swift; path = ItemRow.swift; sourceTree = "<group>"; };
		06047C0C279C99D4000ADA4D /* DateCalculations.swift */ = {isa = PBXFileReference; lastKnownFileType = sourcecode.swift; path = DateCalculations.swift; sourceTree = "<group>"; };
		06047C0E279C9C19000ADA4D /* SubscriptionItems.swift */ = {isa = PBXFileReference; lastKnownFileType = sourcecode.swift; path = SubscriptionItems.swift; sourceTree = "<group>"; };
		06047C10279D85CE000ADA4D /* Subscriptions 2.xcdatamodel */ = {isa = PBXFileReference; lastKnownFileType = wrapper.xcdatamodel; path = "Subscriptions 2.xcdatamodel"; sourceTree = "<group>"; };
		06047C12279D96FC000ADA4D /* de */ = {isa = PBXFileReference; lastKnownFileType = text.plist.strings; name = de; path = de.lproj/InfoPlist.strings; sourceTree = "<group>"; };
		062020842788D27400CC6836 /* SubscriptionForm.swift */ = {isa = PBXFileReference; lastKnownFileType = sourcecode.swift; path = SubscriptionForm.swift; sourceTree = "<group>"; };
		06409F35276932BF00ED3B7A /* Abonementi.app */ = {isa = PBXFileReference; explicitFileType = wrapper.application; includeInIndex = 0; path = Abonementi.app; sourceTree = BUILT_PRODUCTS_DIR; };
		06409F38276932BF00ED3B7A /* SubscriptionsApp.swift */ = {isa = PBXFileReference; lastKnownFileType = sourcecode.swift; path = SubscriptionsApp.swift; sourceTree = "<group>"; };
		06409F3A276932BF00ED3B7A /* ContentView.swift */ = {isa = PBXFileReference; lastKnownFileType = sourcecode.swift; path = ContentView.swift; sourceTree = "<group>"; };
		06409F3C276932C000ED3B7A /* Assets.xcassets */ = {isa = PBXFileReference; lastKnownFileType = folder.assetcatalog; path = Assets.xcassets; sourceTree = "<group>"; };
		06409F3F276932C000ED3B7A /* Preview Assets.xcassets */ = {isa = PBXFileReference; lastKnownFileType = folder.assetcatalog; path = "Preview Assets.xcassets"; sourceTree = "<group>"; };
		06409F41276932C000ED3B7A /* Persistence.swift */ = {isa = PBXFileReference; lastKnownFileType = sourcecode.swift; path = Persistence.swift; sourceTree = "<group>"; };
		06409F44276932C000ED3B7A /* Subscriptions.xcdatamodel */ = {isa = PBXFileReference; lastKnownFileType = wrapper.xcdatamodel; path = Subscriptions.xcdatamodel; sourceTree = "<group>"; };
		06409F4A276932C000ED3B7A /* SubscriptionsTests.xctest */ = {isa = PBXFileReference; explicitFileType = wrapper.cfbundle; includeInIndex = 0; path = SubscriptionsTests.xctest; sourceTree = BUILT_PRODUCTS_DIR; };
		06409F4E276932C000ED3B7A /* SubscriptionsTests.swift */ = {isa = PBXFileReference; lastKnownFileType = sourcecode.swift; path = SubscriptionsTests.swift; sourceTree = "<group>"; };
		06409F54276932C000ED3B7A /* SubscriptionsUITests.xctest */ = {isa = PBXFileReference; explicitFileType = wrapper.cfbundle; includeInIndex = 0; path = SubscriptionsUITests.xctest; sourceTree = BUILT_PRODUCTS_DIR; };
		06409F58276932C000ED3B7A /* SubscriptionsUITests.swift */ = {isa = PBXFileReference; lastKnownFileType = sourcecode.swift; path = SubscriptionsUITests.swift; sourceTree = "<group>"; };
		06409F5A276932C000ED3B7A /* SubscriptionsUITestsLaunchTests.swift */ = {isa = PBXFileReference; lastKnownFileType = sourcecode.swift; path = SubscriptionsUITestsLaunchTests.swift; sourceTree = "<group>"; };
		064834EE2795F614002C210C /* en */ = {isa = PBXFileReference; lastKnownFileType = text.plist.strings; name = en; path = en.lproj/Localizable.strings; sourceTree = "<group>"; };
		067956CF279B0BC400ED60E8 /* Environment.xcconfig */ = {isa = PBXFileReference; lastKnownFileType = text.xcconfig; path = Environment.xcconfig; sourceTree = "<group>"; };
		067956D0279B0C8700ED60E8 /* .gitignore */ = {isa = PBXFileReference; lastKnownFileType = text; path = .gitignore; sourceTree = "<group>"; };
		0680FD8D278AED5800A35783 /* Icons.swift */ = {isa = PBXFileReference; lastKnownFileType = sourcecode.swift; path = Icons.swift; sourceTree = "<group>"; };
		0680FD8F278AEF3F00A35783 /* IconPicker.swift */ = {isa = PBXFileReference; lastKnownFileType = sourcecode.swift; path = IconPicker.swift; sourceTree = "<group>"; };
		0680FD91278B111500A35783 /* ImagePicker.swift */ = {isa = PBXFileReference; lastKnownFileType = sourcecode.swift; path = ImagePicker.swift; sourceTree = "<group>"; };
		0680FD93278B1BBD00A35783 /* SettingsView.swift */ = {isa = PBXFileReference; lastKnownFileType = sourcecode.swift; path = SettingsView.swift; sourceTree = "<group>"; };
		0680FD95278B5ED200A35783 /* Subscriptions.entitlements */ = {isa = PBXFileReference; lastKnownFileType = text.plist.entitlements; path = Subscriptions.entitlements; sourceTree = "<group>"; };
		0680FD97278B5ED800A35783 /* CloudKit.framework */ = {isa = PBXFileReference; lastKnownFileType = wrapper.framework; name = CloudKit.framework; path = System/Library/Frameworks/CloudKit.framework; sourceTree = SDKROOT; };
		0680FD99278B6D7F00A35783 /* StoreKit.framework */ = {isa = PBXFileReference; lastKnownFileType = wrapper.framework; name = StoreKit.framework; path = System/Library/Frameworks/StoreKit.framework; sourceTree = SDKROOT; };
		0680FD9B278B6D9D00A35783 /* StoreManager.swift */ = {isa = PBXFileReference; lastKnownFileType = sourcecode.swift; path = StoreManager.swift; sourceTree = "<group>"; };
		0680FD9D278B6F9A00A35783 /* PremiumIAPView.swift */ = {isa = PBXFileReference; lastKnownFileType = sourcecode.swift; path = PremiumIAPView.swift; sourceTree = "<group>"; };
		0680FD9F279451A800A35783 /* TipJarView.swift */ = {isa = PBXFileReference; lastKnownFileType = sourcecode.swift; path = TipJarView.swift; sourceTree = "<group>"; };
		06998F4627AC61FA008A9B87 /* NotificationScheduler.swift */ = {isa = PBXFileReference; lastKnownFileType = sourcecode.swift; path = NotificationScheduler.swift; sourceTree = "<group>"; };
		06998F4B27AE7799008A9B87 /* Base */ = {isa = PBXFileReference; lastKnownFileType = text.json; name = Base; path = Base.lproj/Icons.json; sourceTree = "<group>"; };
		06998F4D27AE795A008A9B87 /* de */ = {isa = PBXFileReference; lastKnownFileType = text.json; name = de; path = de.lproj/Icons.json; sourceTree = "<group>"; };
		06998F4E27AED331008A9B87 /* Extension+Bundle.swift */ = {isa = PBXFileReference; lastKnownFileType = sourcecode.swift; path = "Extension+Bundle.swift"; sourceTree = "<group>"; };
		06998F5327B6CDD7008A9B87 /* CategoryView.swift */ = {isa = PBXFileReference; lastKnownFileType = sourcecode.swift; path = CategoryView.swift; sourceTree = "<group>"; };
		06998F5727B6E70C008A9B87 /* SubscriptionDetailView.swift */ = {isa = PBXFileReference; lastKnownFileType = sourcecode.swift; path = SubscriptionDetailView.swift; sourceTree = "<group>"; };
		06998F5927B6E73D008A9B87 /* Formatter.swift */ = {isa = PBXFileReference; lastKnownFileType = sourcecode.swift; path = Formatter.swift; sourceTree = "<group>"; };
		06C1A2B927A5CA5500112ECC /* ShakeGesture.swift */ = {isa = PBXFileReference; lastKnownFileType = sourcecode.swift; path = ShakeGesture.swift; sourceTree = "<group>"; };
		06C1A2BB27A5CE7C00112ECC /* LicenseView.swift */ = {isa = PBXFileReference; lastKnownFileType = sourcecode.swift; path = LicenseView.swift; sourceTree = "<group>"; };
		06C1A2BD27A5DD4600112ECC /* Subscriptions 3.xcdatamodel */ = {isa = PBXFileReference; lastKnownFileType = wrapper.xcdatamodel; path = "Subscriptions 3.xcdatamodel"; sourceTree = "<group>"; };
		06DEA565279486D400FC6412 /* de */ = {isa = PBXFileReference; lastKnownFileType = text.plist.strings; name = de; path = de.lproj/Localizable.strings; sourceTree = "<group>"; };
		06DEA568279486D500FC6412 /* de */ = {isa = PBXFileReference; lastKnownFileType = text.plist.strings; name = de; path = "de.lproj/Subscriptions-InfoPlist.strings"; sourceTree = "<group>"; };
		06DEA56A2794B67400FC6412 /* Gemfile */ = {isa = PBXFileReference; lastKnownFileType = text; path = Gemfile; sourceTree = "<group>"; };
		06DEA56D2794BABE00FC6412 /* Gemfile.lock */ = {isa = PBXFileReference; fileEncoding = 4; lastKnownFileType = text; path = Gemfile.lock; sourceTree = "<group>"; };
/* End PBXFileReference section */

/* Begin PBXFrameworksBuildPhase section */
		06409F32276932BF00ED3B7A /* Frameworks */ = {
			isa = PBXFrameworksBuildPhase;
			buildActionMask = 2147483647;
			files = (
				0680FD9A278B6D7F00A35783 /* StoreKit.framework in Frameworks */,
				0680FD8C278A145700A35783 /* FaviconFinder in Frameworks */,
				0680FD98278B5ED800A35783 /* CloudKit.framework in Frameworks */,
				06998F5227B59CA4008A9B87 /* Sentry in Frameworks */,
			);
			runOnlyForDeploymentPostprocessing = 0;
		};
		06409F47276932C000ED3B7A /* Frameworks */ = {
			isa = PBXFrameworksBuildPhase;
			buildActionMask = 2147483647;
			files = (
			);
			runOnlyForDeploymentPostprocessing = 0;
		};
		06409F51276932C000ED3B7A /* Frameworks */ = {
			isa = PBXFrameworksBuildPhase;
			buildActionMask = 2147483647;
			files = (
			);
			runOnlyForDeploymentPostprocessing = 0;
		};
/* End PBXFrameworksBuildPhase section */

/* Begin PBXGroup section */
		06047BE2279C378B000ADA4D /* Components */ = {
			isa = PBXGroup;
			children = (
				06047C0A279C98BC000ADA4D /* ItemRow.swift */,
				0680FD91278B111500A35783 /* ImagePicker.swift */,
				06047BE3279C3FA3000ADA4D /* PurchaseButton.swift */,
				06047BE5279C43CC000ADA4D /* RestoreButton.swift */,
				06047BE7279C4965000ADA4D /* IAPBenefit.swift */,
				06047BFB279C8C3E000ADA4D /* SearchBar.swift */,
				06047BFF279C8CA2000ADA4D /* CloseButton.swift */,
			);
			path = Components;
			sourceTree = "<group>";
		};
		06047BE9279C70AC000ADA4D /* Resources */ = {
			isa = PBXGroup;
			children = (
				06047BD3279B10B3000ADA4D /* Info.plist */,
				06047C11279D96FC000ADA4D /* InfoPlist.strings */,
				067956CF279B0BC400ED60E8 /* Environment.xcconfig */,
				0680FD95278B5ED200A35783 /* Subscriptions.entitlements */,
				06DEA567279486D400FC6412 /* Subscriptions-InfoPlist.strings */,
				06DEA564279486D400FC6412 /* Localizable.strings */,
				06409F3C276932C000ED3B7A /* Assets.xcassets */,
				06409F3E276932C000ED3B7A /* Preview Content */,
			);
			path = Resources;
			sourceTree = "<group>";
		};
		06047BEA279C70EF000ADA4D /* Model */ = {
			isa = PBXGroup;
			children = (
				06047BF9279C8BE1000ADA4D /* BillingOption.swift */,
				0680FD8D278AED5800A35783 /* Icons.swift */,
				06998F4C27AE7799008A9B87 /* Icons.json */,
				06409F43276932C000ED3B7A /* Subscriptions.xcdatamodeld */,
				06047BFD279C8C5D000ADA4D /* License.swift */,
				06047C0E279C9C19000ADA4D /* SubscriptionItems.swift */,
			);
			path = Model;
			sourceTree = "<group>";
		};
		06047BEB279C7198000ADA4D /* Animations */ = {
			isa = PBXGroup;
			children = (
				06047BEE279C71CB000ADA4D /* Bounce.swift */,
				06047BEC279C71B9000ADA4D /* Shake.swift */,
			);
			path = Animations;
			sourceTree = "<group>";
		};
		06047BF0279C73DC000ADA4D /* Views */ = {
			isa = PBXGroup;
			children = (
				06047C03279C92E0000ADA4D /* AcknowledgementView.swift */,
				06998F5327B6CDD7008A9B87 /* CategoryView.swift */,
				0680FD8F278AEF3F00A35783 /* IconPicker.swift */,
				0680FD9D278B6F9A00A35783 /* PremiumIAPView.swift */,
				0680FD93278B1BBD00A35783 /* SettingsView.swift */,
				06998F5727B6E70C008A9B87 /* SubscriptionDetailView.swift */,
				062020842788D27400CC6836 /* SubscriptionForm.swift */,
				06C1A2BB27A5CE7C00112ECC /* LicenseView.swift */,
				06047C01279C916A000ADA4D /* SubscriptionDetailsForm.swift */,
				0680FD9F279451A800A35783 /* TipJarView.swift */,
			);
			path = Views;
			sourceTree = "<group>";
		};
		06047BF1279C73EA000ADA4D /* Scaffolds */ = {
			isa = PBXGroup;
			children = (
				06047BD6279B6389000ADA4D /* IAPViewScaffold.swift */,
			);
			path = Scaffolds;
			sourceTree = "<group>";
		};
		06047BF2279C7442000ADA4D /* Utility */ = {
			isa = PBXGroup;
			children = (
				06047BF3279C747F000ADA4D /* Currency.swift */,
				06047C0C279C99D4000ADA4D /* DateCalculations.swift */,
				06047BF5279C8697000ADA4D /* Extension+Color.swift */,
				06998F4E27AED331008A9B87 /* Extension+Bundle.swift */,
				06047BF7279C86F2000ADA4D /* Extension+UIImage.swift */,
				06047C08279C9876000ADA4D /* Extension+View.swift */,
				06998F5927B6E73D008A9B87 /* Formatter.swift */,
				06998F4627AC61FA008A9B87 /* NotificationScheduler.swift */,
				06C1A2B927A5CA5500112ECC /* ShakeGesture.swift */,
				06047C05279C93C3000ADA4D /* SampleData.swift */,
			);
			path = Utility;
			sourceTree = "<group>";
		};
		06047C07279C9573000ADA4D /* Services */ = {
			isa = PBXGroup;
			children = (
				06409F41276932C000ED3B7A /* Persistence.swift */,
				0680FD9B278B6D9D00A35783 /* StoreManager.swift */,
			);
			path = Services;
			sourceTree = "<group>";
		};
		06409F2C276932BF00ED3B7A = {
			isa = PBXGroup;
			children = (
				06047BD5279B540B000ADA4D /* .fossa.yml */,
				067956D0279B0C8700ED60E8 /* .gitignore */,
				06DEA56D2794BABE00FC6412 /* Gemfile.lock */,
				06DEA56A2794B67400FC6412 /* Gemfile */,
				06409F37276932BF00ED3B7A /* Subscriptions */,
				06409F4D276932C000ED3B7A /* SubscriptionsTests */,
				06409F57276932C000ED3B7A /* SubscriptionsUITests */,
				06409F36276932BF00ED3B7A /* Products */,
				0680FD96278B5ED800A35783 /* Frameworks */,
			);
			sourceTree = "<group>";
		};
		06409F36276932BF00ED3B7A /* Products */ = {
			isa = PBXGroup;
			children = (
				06409F35276932BF00ED3B7A /* Abonementi.app */,
				06409F4A276932C000ED3B7A /* SubscriptionsTests.xctest */,
				06409F54276932C000ED3B7A /* SubscriptionsUITests.xctest */,
			);
			name = Products;
			sourceTree = "<group>";
		};
		06409F37276932BF00ED3B7A /* Subscriptions */ = {
			isa = PBXGroup;
			children = (
				06409F38276932BF00ED3B7A /* SubscriptionsApp.swift */,
				06409F3A276932BF00ED3B7A /* ContentView.swift */,
				06047BEB279C7198000ADA4D /* Animations */,
				06047BE2279C378B000ADA4D /* Components */,
				06047BEA279C70EF000ADA4D /* Model */,
				06047BF0279C73DC000ADA4D /* Views */,
				06047BF1279C73EA000ADA4D /* Scaffolds */,
				06047C07279C9573000ADA4D /* Services */,
				06047BF2279C7442000ADA4D /* Utility */,
				06047BE9279C70AC000ADA4D /* Resources */,
			);
			path = Subscriptions;
			sourceTree = "<group>";
		};
		06409F3E276932C000ED3B7A /* Preview Content */ = {
			isa = PBXGroup;
			children = (
				06409F3F276932C000ED3B7A /* Preview Assets.xcassets */,
			);
			path = "Preview Content";
			sourceTree = "<group>";
		};
		06409F4D276932C000ED3B7A /* SubscriptionsTests */ = {
			isa = PBXGroup;
			children = (
				06409F4E276932C000ED3B7A /* SubscriptionsTests.swift */,
			);
			path = SubscriptionsTests;
			sourceTree = "<group>";
		};
		06409F57276932C000ED3B7A /* SubscriptionsUITests */ = {
			isa = PBXGroup;
			children = (
				06409F58276932C000ED3B7A /* SubscriptionsUITests.swift */,
				06409F5A276932C000ED3B7A /* SubscriptionsUITestsLaunchTests.swift */,
			);
			path = SubscriptionsUITests;
			sourceTree = "<group>";
		};
		0680FD96278B5ED800A35783 /* Frameworks */ = {
			isa = PBXGroup;
			children = (
				0680FD99278B6D7F00A35783 /* StoreKit.framework */,
				0680FD97278B5ED800A35783 /* CloudKit.framework */,
			);
			name = Frameworks;
			sourceTree = "<group>";
		};
/* End PBXGroup section */

/* Begin PBXNativeTarget section */
		06409F34276932BF00ED3B7A /* Subscriptions */ = {
			isa = PBXNativeTarget;
			buildConfigurationList = 06409F5E276932C000ED3B7A /* Build configuration list for PBXNativeTarget "Subscriptions" */;
			buildPhases = (
				06409F31276932BF00ED3B7A /* Sources */,
				06409F32276932BF00ED3B7A /* Frameworks */,
				06409F33276932BF00ED3B7A /* Resources */,
			);
			buildRules = (
			);
			dependencies = (
			);
			name = Subscriptions;
			packageProductDependencies = (
				0680FD8B278A145700A35783 /* FaviconFinder */,
				06998F5127B59CA4008A9B87 /* Sentry */,
			);
			productName = Subscriptions;
			productReference = 06409F35276932BF00ED3B7A /* Abonementi.app */;
			productType = "com.apple.product-type.application";
		};
		06409F49276932C000ED3B7A /* SubscriptionsTests */ = {
			isa = PBXNativeTarget;
			buildConfigurationList = 06409F61276932C000ED3B7A /* Build configuration list for PBXNativeTarget "SubscriptionsTests" */;
			buildPhases = (
				06409F46276932C000ED3B7A /* Sources */,
				06409F47276932C000ED3B7A /* Frameworks */,
				06409F48276932C000ED3B7A /* Resources */,
			);
			buildRules = (
			);
			dependencies = (
				06409F4C276932C000ED3B7A /* PBXTargetDependency */,
			);
			name = SubscriptionsTests;
			productName = SubscriptionsTests;
			productReference = 06409F4A276932C000ED3B7A /* SubscriptionsTests.xctest */;
			productType = "com.apple.product-type.bundle.unit-test";
		};
		06409F53276932C000ED3B7A /* SubscriptionsUITests */ = {
			isa = PBXNativeTarget;
			buildConfigurationList = 06409F64276932C000ED3B7A /* Build configuration list for PBXNativeTarget "SubscriptionsUITests" */;
			buildPhases = (
				06409F50276932C000ED3B7A /* Sources */,
				06409F51276932C000ED3B7A /* Frameworks */,
				06409F52276932C000ED3B7A /* Resources */,
			);
			buildRules = (
			);
			dependencies = (
				06409F56276932C000ED3B7A /* PBXTargetDependency */,
			);
			name = SubscriptionsUITests;
			productName = SubscriptionsUITests;
			productReference = 06409F54276932C000ED3B7A /* SubscriptionsUITests.xctest */;
			productType = "com.apple.product-type.bundle.ui-testing";
		};
/* End PBXNativeTarget section */

/* Begin PBXProject section */
		06409F2D276932BF00ED3B7A /* Project object */ = {
			isa = PBXProject;
			attributes = {
				BuildIndependentTargetsInParallel = 1;
				LastSwiftUpdateCheck = 1320;
				LastUpgradeCheck = 1320;
				ORGANIZATIONNAME = "Timo Zacherl";
				TargetAttributes = {
					06409F34276932BF00ED3B7A = {
						CreatedOnToolsVersion = 13.2;
					};
					06409F49276932C000ED3B7A = {
						CreatedOnToolsVersion = 13.2;
						TestTargetID = 06409F34276932BF00ED3B7A;
					};
					06409F53276932C000ED3B7A = {
						CreatedOnToolsVersion = 13.2;
						TestTargetID = 06409F34276932BF00ED3B7A;
					};
				};
			};
			buildConfigurationList = 06409F30276932BF00ED3B7A /* Build configuration list for PBXProject "Subscriptions" */;
			compatibilityVersion = "Xcode 13.0";
			developmentRegion = en;
			hasScannedForEncodings = 0;
			knownRegions = (
				en,
				Base,
				de,
			);
			mainGroup = 06409F2C276932BF00ED3B7A;
			packageReferences = (
				0680FD8A278A145700A35783 /* XCRemoteSwiftPackageReference "FaviconFinder" */,
				06998F5027B59CA4008A9B87 /* XCRemoteSwiftPackageReference "sentry-cocoa" */,
			);
			productRefGroup = 06409F36276932BF00ED3B7A /* Products */;
			projectDirPath = "";
			projectRoot = "";
			targets = (
				06409F34276932BF00ED3B7A /* Subscriptions */,
				06409F49276932C000ED3B7A /* SubscriptionsTests */,
				06409F53276932C000ED3B7A /* SubscriptionsUITests */,
			);
		};
/* End PBXProject section */

/* Begin PBXResourcesBuildPhase section */
		06409F33276932BF00ED3B7A /* Resources */ = {
			isa = PBXResourcesBuildPhase;
			buildActionMask = 2147483647;
			files = (
				06DEA569279486D500FC6412 /* Subscriptions-InfoPlist.strings in Resources */,
				06409F40276932C000ED3B7A /* Preview Assets.xcassets in Resources */,
				06DEA566279486D400FC6412 /* Localizable.strings in Resources */,
				06409F3D276932C000ED3B7A /* Assets.xcassets in Resources */,
				06998F4A27AE7799008A9B87 /* Icons.json in Resources */,
				06047C13279D96FD000ADA4D /* InfoPlist.strings in Resources */,
			);
			runOnlyForDeploymentPostprocessing = 0;
		};
		06409F48276932C000ED3B7A /* Resources */ = {
			isa = PBXResourcesBuildPhase;
			buildActionMask = 2147483647;
			files = (
			);
			runOnlyForDeploymentPostprocessing = 0;
		};
		06409F52276932C000ED3B7A /* Resources */ = {
			isa = PBXResourcesBuildPhase;
			buildActionMask = 2147483647;
			files = (
			);
			runOnlyForDeploymentPostprocessing = 0;
		};
/* End PBXResourcesBuildPhase section */

/* Begin PBXSourcesBuildPhase section */
		06409F31276932BF00ED3B7A /* Sources */ = {
			isa = PBXSourcesBuildPhase;
			buildActionMask = 2147483647;
			files = (
				06047BF8279C86F2000ADA4D /* Extension+UIImage.swift in Sources */,
				06047BE4279C3FA3000ADA4D /* PurchaseButton.swift in Sources */,
				0680FDA0279451A900A35783 /* TipJarView.swift in Sources */,
				06047BE8279C4965000ADA4D /* IAPBenefit.swift in Sources */,
				0680FD90278AEF3F00A35783 /* IconPicker.swift in Sources */,
				06409F42276932C000ED3B7A /* Persistence.swift in Sources */,
				062020852788D27400CC6836 /* SubscriptionForm.swift in Sources */,
				06047BD7279B6389000ADA4D /* IAPViewScaffold.swift in Sources */,
				06047BF6279C8697000ADA4D /* Extension+Color.swift in Sources */,
				0680FD94278B1BBD00A35783 /* SettingsView.swift in Sources */,
				0680FD8E278AED5800A35783 /* Icons.swift in Sources */,
				06047BFE279C8C5D000ADA4D /* License.swift in Sources */,
				06047C0D279C99D4000ADA4D /* DateCalculations.swift in Sources */,
				0680FD9E278B6F9A00A35783 /* PremiumIAPView.swift in Sources */,
				06047BF4279C747F000ADA4D /* Currency.swift in Sources */,
				06998F4F27AED331008A9B87 /* Extension+Bundle.swift in Sources */,
				06998F4727AC61FA008A9B87 /* NotificationScheduler.swift in Sources */,
				06047BED279C71B9000ADA4D /* Shake.swift in Sources */,
				06047C06279C93C3000ADA4D /* SampleData.swift in Sources */,
				06998F5827B6E70C008A9B87 /* SubscriptionDetailView.swift in Sources */,
				06047C04279C92E0000ADA4D /* AcknowledgementView.swift in Sources */,
				06998F5A27B6E73D008A9B87 /* Formatter.swift in Sources */,
				06047C09279C9876000ADA4D /* Extension+View.swift in Sources */,
				06047C02279C916A000ADA4D /* SubscriptionDetailsForm.swift in Sources */,
				06C1A2BC27A5CE7C00112ECC /* LicenseView.swift in Sources */,
				06C1A2BA27A5CA5500112ECC /* ShakeGesture.swift in Sources */,
				06047C00279C8CA2000ADA4D /* CloseButton.swift in Sources */,
				06047BFA279C8BE1000ADA4D /* BillingOption.swift in Sources */,
				06409F3B276932BF00ED3B7A /* ContentView.swift in Sources */,
				06047BFC279C8C3E000ADA4D /* SearchBar.swift in Sources */,
				0680FD92278B111500A35783 /* ImagePicker.swift in Sources */,
				06998F5427B6CDD7008A9B87 /* CategoryView.swift in Sources */,
				06047C0F279C9C19000ADA4D /* SubscriptionItems.swift in Sources */,
				0680FD9C278B6D9D00A35783 /* StoreManager.swift in Sources */,
				06047BE6279C43CC000ADA4D /* RestoreButton.swift in Sources */,
				06047BEF279C71CB000ADA4D /* Bounce.swift in Sources */,
				06047C0B279C98BC000ADA4D /* ItemRow.swift in Sources */,
				06409F45276932C000ED3B7A /* Subscriptions.xcdatamodeld in Sources */,
				06409F39276932BF00ED3B7A /* SubscriptionsApp.swift in Sources */,
			);
			runOnlyForDeploymentPostprocessing = 0;
		};
		06409F46276932C000ED3B7A /* Sources */ = {
			isa = PBXSourcesBuildPhase;
			buildActionMask = 2147483647;
			files = (
				06409F4F276932C000ED3B7A /* SubscriptionsTests.swift in Sources */,
			);
			runOnlyForDeploymentPostprocessing = 0;
		};
		06409F50276932C000ED3B7A /* Sources */ = {
			isa = PBXSourcesBuildPhase;
			buildActionMask = 2147483647;
			files = (
				06409F59276932C000ED3B7A /* SubscriptionsUITests.swift in Sources */,
				06409F5B276932C000ED3B7A /* SubscriptionsUITestsLaunchTests.swift in Sources */,
			);
			runOnlyForDeploymentPostprocessing = 0;
		};
/* End PBXSourcesBuildPhase section */

/* Begin PBXTargetDependency section */
		06409F4C276932C000ED3B7A /* PBXTargetDependency */ = {
			isa = PBXTargetDependency;
			target = 06409F34276932BF00ED3B7A /* Subscriptions */;
			targetProxy = 06409F4B276932C000ED3B7A /* PBXContainerItemProxy */;
		};
		06409F56276932C000ED3B7A /* PBXTargetDependency */ = {
			isa = PBXTargetDependency;
			target = 06409F34276932BF00ED3B7A /* Subscriptions */;
			targetProxy = 06409F55276932C000ED3B7A /* PBXContainerItemProxy */;
		};
/* End PBXTargetDependency section */

/* Begin PBXVariantGroup section */
		06047C11279D96FC000ADA4D /* InfoPlist.strings */ = {
			isa = PBXVariantGroup;
			children = (
				06047C12279D96FC000ADA4D /* de */,
			);
			name = InfoPlist.strings;
			sourceTree = "<group>";
		};
		06998F4C27AE7799008A9B87 /* Icons.json */ = {
			isa = PBXVariantGroup;
			children = (
				06998F4B27AE7799008A9B87 /* Base */,
				06998F4D27AE795A008A9B87 /* de */,
			);
			name = Icons.json;
			sourceTree = "<group>";
		};
		06DEA564279486D400FC6412 /* Localizable.strings */ = {
			isa = PBXVariantGroup;
			children = (
				06DEA565279486D400FC6412 /* de */,
				064834EE2795F614002C210C /* en */,
			);
			name = Localizable.strings;
			sourceTree = "<group>";
		};
		06DEA567279486D400FC6412 /* Subscriptions-InfoPlist.strings */ = {
			isa = PBXVariantGroup;
			children = (
				06DEA568279486D500FC6412 /* de */,
			);
			name = "Subscriptions-InfoPlist.strings";
			sourceTree = "<group>";
		};
/* End PBXVariantGroup section */

/* Begin XCBuildConfiguration section */
		06409F5C276932C000ED3B7A /* Debug */ = {
			isa = XCBuildConfiguration;
			baseConfigurationReference = 067956CF279B0BC400ED60E8 /* Environment.xcconfig */;
			buildSettings = {
				ALWAYS_SEARCH_USER_PATHS = NO;
				CLANG_ANALYZER_NONNULL = YES;
				CLANG_ANALYZER_NUMBER_OBJECT_CONVERSION = YES_AGGRESSIVE;
				CLANG_CXX_LANGUAGE_STANDARD = "gnu++17";
				CLANG_CXX_LIBRARY = "libc++";
				CLANG_ENABLE_MODULES = YES;
				CLANG_ENABLE_OBJC_ARC = YES;
				CLANG_ENABLE_OBJC_WEAK = YES;
				CLANG_WARN_BLOCK_CAPTURE_AUTORELEASING = YES;
				CLANG_WARN_BOOL_CONVERSION = YES;
				CLANG_WARN_COMMA = YES;
				CLANG_WARN_CONSTANT_CONVERSION = YES;
				CLANG_WARN_DEPRECATED_OBJC_IMPLEMENTATIONS = YES;
				CLANG_WARN_DIRECT_OBJC_ISA_USAGE = YES_ERROR;
				CLANG_WARN_DOCUMENTATION_COMMENTS = YES;
				CLANG_WARN_EMPTY_BODY = YES;
				CLANG_WARN_ENUM_CONVERSION = YES;
				CLANG_WARN_INFINITE_RECURSION = YES;
				CLANG_WARN_INT_CONVERSION = YES;
				CLANG_WARN_NON_LITERAL_NULL_CONVERSION = YES;
				CLANG_WARN_OBJC_IMPLICIT_RETAIN_SELF = YES;
				CLANG_WARN_OBJC_LITERAL_CONVERSION = YES;
				CLANG_WARN_OBJC_ROOT_CLASS = YES_ERROR;
				CLANG_WARN_QUOTED_INCLUDE_IN_FRAMEWORK_HEADER = YES;
				CLANG_WARN_RANGE_LOOP_ANALYSIS = YES;
				CLANG_WARN_STRICT_PROTOTYPES = YES;
				CLANG_WARN_SUSPICIOUS_MOVE = YES;
				CLANG_WARN_UNGUARDED_AVAILABILITY = YES_AGGRESSIVE;
				CLANG_WARN_UNREACHABLE_CODE = YES;
				CLANG_WARN__DUPLICATE_METHOD_MATCH = YES;
				COPY_PHASE_STRIP = NO;
				DEBUG_INFORMATION_FORMAT = dwarf;
				ENABLE_STRICT_OBJC_MSGSEND = YES;
				ENABLE_TESTABILITY = YES;
				GCC_C_LANGUAGE_STANDARD = gnu11;
				GCC_DYNAMIC_NO_PIC = NO;
				GCC_NO_COMMON_BLOCKS = YES;
				GCC_OPTIMIZATION_LEVEL = 0;
				GCC_PREPROCESSOR_DEFINITIONS = (
					"DEBUG=1",
					"$(inherited)",
				);
				GCC_WARN_64_TO_32_BIT_CONVERSION = YES;
				GCC_WARN_ABOUT_RETURN_TYPE = YES_ERROR;
				GCC_WARN_UNDECLARED_SELECTOR = YES;
				GCC_WARN_UNINITIALIZED_AUTOS = YES_AGGRESSIVE;
				GCC_WARN_UNUSED_FUNCTION = YES;
				GCC_WARN_UNUSED_VARIABLE = YES;
				IPHONEOS_DEPLOYMENT_TARGET = 15.2;
				MTL_ENABLE_DEBUG_INFO = INCLUDE_SOURCE;
				MTL_FAST_MATH = YES;
				ONLY_ACTIVE_ARCH = YES;
				SDKROOT = iphoneos;
				SWIFT_ACTIVE_COMPILATION_CONDITIONS = DEBUG;
				SWIFT_OPTIMIZATION_LEVEL = "-Onone";
			};
			name = Debug;
		};
		06409F5D276932C000ED3B7A /* Release */ = {
			isa = XCBuildConfiguration;
			baseConfigurationReference = 067956CF279B0BC400ED60E8 /* Environment.xcconfig */;
			buildSettings = {
				ALWAYS_SEARCH_USER_PATHS = NO;
				CLANG_ANALYZER_NONNULL = YES;
				CLANG_ANALYZER_NUMBER_OBJECT_CONVERSION = YES_AGGRESSIVE;
				CLANG_CXX_LANGUAGE_STANDARD = "gnu++17";
				CLANG_CXX_LIBRARY = "libc++";
				CLANG_ENABLE_MODULES = YES;
				CLANG_ENABLE_OBJC_ARC = YES;
				CLANG_ENABLE_OBJC_WEAK = YES;
				CLANG_WARN_BLOCK_CAPTURE_AUTORELEASING = YES;
				CLANG_WARN_BOOL_CONVERSION = YES;
				CLANG_WARN_COMMA = YES;
				CLANG_WARN_CONSTANT_CONVERSION = YES;
				CLANG_WARN_DEPRECATED_OBJC_IMPLEMENTATIONS = YES;
				CLANG_WARN_DIRECT_OBJC_ISA_USAGE = YES_ERROR;
				CLANG_WARN_DOCUMENTATION_COMMENTS = YES;
				CLANG_WARN_EMPTY_BODY = YES;
				CLANG_WARN_ENUM_CONVERSION = YES;
				CLANG_WARN_INFINITE_RECURSION = YES;
				CLANG_WARN_INT_CONVERSION = YES;
				CLANG_WARN_NON_LITERAL_NULL_CONVERSION = YES;
				CLANG_WARN_OBJC_IMPLICIT_RETAIN_SELF = YES;
				CLANG_WARN_OBJC_LITERAL_CONVERSION = YES;
				CLANG_WARN_OBJC_ROOT_CLASS = YES_ERROR;
				CLANG_WARN_QUOTED_INCLUDE_IN_FRAMEWORK_HEADER = YES;
				CLANG_WARN_RANGE_LOOP_ANALYSIS = YES;
				CLANG_WARN_STRICT_PROTOTYPES = YES;
				CLANG_WARN_SUSPICIOUS_MOVE = YES;
				CLANG_WARN_UNGUARDED_AVAILABILITY = YES_AGGRESSIVE;
				CLANG_WARN_UNREACHABLE_CODE = YES;
				CLANG_WARN__DUPLICATE_METHOD_MATCH = YES;
				COPY_PHASE_STRIP = NO;
				DEBUG_INFORMATION_FORMAT = "dwarf-with-dsym";
				ENABLE_NS_ASSERTIONS = NO;
				ENABLE_STRICT_OBJC_MSGSEND = YES;
				GCC_C_LANGUAGE_STANDARD = gnu11;
				GCC_NO_COMMON_BLOCKS = YES;
				GCC_WARN_64_TO_32_BIT_CONVERSION = YES;
				GCC_WARN_ABOUT_RETURN_TYPE = YES_ERROR;
				GCC_WARN_UNDECLARED_SELECTOR = YES;
				GCC_WARN_UNINITIALIZED_AUTOS = YES_AGGRESSIVE;
				GCC_WARN_UNUSED_FUNCTION = YES;
				GCC_WARN_UNUSED_VARIABLE = YES;
				IPHONEOS_DEPLOYMENT_TARGET = 15.2;
				MTL_ENABLE_DEBUG_INFO = NO;
				MTL_FAST_MATH = YES;
				SDKROOT = iphoneos;
				SWIFT_COMPILATION_MODE = wholemodule;
				SWIFT_OPTIMIZATION_LEVEL = "-O";
				VALIDATE_PRODUCT = YES;
			};
			name = Release;
		};
		06409F5F276932C000ED3B7A /* Debug */ = {
			isa = XCBuildConfiguration;
			buildSettings = {
				ASSETCATALOG_COMPILER_APPICON_NAME = AppIcon;
				ASSETCATALOG_COMPILER_GLOBAL_ACCENT_COLOR_NAME = AccentColor;
				CLANG_ANALYZER_LOCALIZABILITY_NONLOCALIZED = YES;
				CODE_SIGN_ENTITLEMENTS = Subscriptions/Resources/Subscriptions.entitlements;
				CODE_SIGN_STYLE = Automatic;
				CURRENT_PROJECT_VERSION = 8;
				DEVELOPMENT_ASSET_PATHS = "\"Subscriptions/Resources/Preview Content\"";
				DEVELOPMENT_TEAM = V7ET8TF7ZR;
				ENABLE_PREVIEWS = YES;
				GENERATE_INFOPLIST_FILE = YES;
				INFOPLIST_FILE = Subscriptions/Resources/Info.plist;
				INFOPLIST_KEY_NSFaceIDUsageDescription = "Used to unlock the App, if this feature is activated in Settings";
				INFOPLIST_KEY_UIApplicationSceneManifest_Generation = YES;
				INFOPLIST_KEY_UIApplicationSupportsIndirectInputEvents = YES;
				INFOPLIST_KEY_UILaunchScreen_Generation = YES;
				INFOPLIST_KEY_UISupportedInterfaceOrientations_iPad = "UIInterfaceOrientationPortrait UIInterfaceOrientationPortraitUpsideDown UIInterfaceOrientationLandscapeLeft UIInterfaceOrientationLandscapeRight";
				INFOPLIST_KEY_UISupportedInterfaceOrientations_iPhone = "UIInterfaceOrientationPortrait UIInterfaceOrientationLandscapeLeft UIInterfaceOrientationLandscapeRight";
				LD_RUNPATH_SEARCH_PATHS = (
					"$(inherited)",
					"@executable_path/Frameworks",
				);
				MARKETING_VERSION = 1.1.0;
				PRODUCT_BUNDLE_IDENTIFIER = com.timozacherl.Subscriptions;
				PRODUCT_NAME = Abonementi;
				SWIFT_EMIT_LOC_STRINGS = YES;
				SWIFT_VERSION = 5.0;
				TARGETED_DEVICE_FAMILY = "1,2";
			};
			name = Debug;
		};
		06409F60276932C000ED3B7A /* Release */ = {
			isa = XCBuildConfiguration;
			buildSettings = {
				ASSETCATALOG_COMPILER_APPICON_NAME = AppIcon;
				ASSETCATALOG_COMPILER_GLOBAL_ACCENT_COLOR_NAME = AccentColor;
				CLANG_ANALYZER_LOCALIZABILITY_NONLOCALIZED = YES;
				CODE_SIGN_ENTITLEMENTS = Subscriptions/Resources/Subscriptions.entitlements;
				CODE_SIGN_STYLE = Automatic;
				CURRENT_PROJECT_VERSION = 8;
				DEVELOPMENT_ASSET_PATHS = "\"Subscriptions/Resources/Preview Content\"";
				DEVELOPMENT_TEAM = V7ET8TF7ZR;
				ENABLE_PREVIEWS = YES;
				GENERATE_INFOPLIST_FILE = YES;
				INFOPLIST_FILE = Subscriptions/Resources/Info.plist;
				INFOPLIST_KEY_NSFaceIDUsageDescription = "Used to unlock the App, if this feature is activated in Settings";
				INFOPLIST_KEY_UIApplicationSceneManifest_Generation = YES;
				INFOPLIST_KEY_UIApplicationSupportsIndirectInputEvents = YES;
				INFOPLIST_KEY_UILaunchScreen_Generation = YES;
				INFOPLIST_KEY_UISupportedInterfaceOrientations_iPad = "UIInterfaceOrientationPortrait UIInterfaceOrientationPortraitUpsideDown UIInterfaceOrientationLandscapeLeft UIInterfaceOrientationLandscapeRight";
				INFOPLIST_KEY_UISupportedInterfaceOrientations_iPhone = "UIInterfaceOrientationPortrait UIInterfaceOrientationLandscapeLeft UIInterfaceOrientationLandscapeRight";
				LD_RUNPATH_SEARCH_PATHS = (
					"$(inherited)",
					"@executable_path/Frameworks",
				);
				MARKETING_VERSION = 1.1.0;
				PRODUCT_BUNDLE_IDENTIFIER = com.timozacherl.Subscriptions;
				PRODUCT_NAME = Abonementi;
				SWIFT_EMIT_LOC_STRINGS = YES;
				SWIFT_VERSION = 5.0;
				TARGETED_DEVICE_FAMILY = "1,2";
			};
			name = Release;
		};
		06409F62276932C000ED3B7A /* Debug */ = {
			isa = XCBuildConfiguration;
			buildSettings = {
				ALWAYS_EMBED_SWIFT_STANDARD_LIBRARIES = YES;
				BUNDLE_LOADER = "$(TEST_HOST)";
				CODE_SIGN_STYLE = Automatic;
				CURRENT_PROJECT_VERSION = 8;
				DEVELOPMENT_TEAM = V7ET8TF7ZR;
				GENERATE_INFOPLIST_FILE = YES;
				IPHONEOS_DEPLOYMENT_TARGET = 15.2;
				MARKETING_VERSION = 1.0;
				PRODUCT_BUNDLE_IDENTIFIER = com.timozacherl.SubscriptionsTests;
				PRODUCT_NAME = "$(TARGET_NAME)";
				SWIFT_EMIT_LOC_STRINGS = NO;
				SWIFT_VERSION = 5.0;
				TARGETED_DEVICE_FAMILY = "1,2";
				TEST_HOST = "$(BUILT_PRODUCTS_DIR)/Subscriptions.app/Subscriptions";
			};
			name = Debug;
		};
		06409F63276932C000ED3B7A /* Release */ = {
			isa = XCBuildConfiguration;
			buildSettings = {
				ALWAYS_EMBED_SWIFT_STANDARD_LIBRARIES = YES;
				BUNDLE_LOADER = "$(TEST_HOST)";
				CODE_SIGN_STYLE = Automatic;
				CURRENT_PROJECT_VERSION = 8;
				DEVELOPMENT_TEAM = V7ET8TF7ZR;
				GENERATE_INFOPLIST_FILE = YES;
				IPHONEOS_DEPLOYMENT_TARGET = 15.2;
				MARKETING_VERSION = 1.0;
				PRODUCT_BUNDLE_IDENTIFIER = com.timozacherl.SubscriptionsTests;
				PRODUCT_NAME = "$(TARGET_NAME)";
				SWIFT_EMIT_LOC_STRINGS = NO;
				SWIFT_VERSION = 5.0;
				TARGETED_DEVICE_FAMILY = "1,2";
				TEST_HOST = "$(BUILT_PRODUCTS_DIR)/Subscriptions.app/Subscriptions";
			};
			name = Release;
		};
		06409F65276932C000ED3B7A /* Debug */ = {
			isa = XCBuildConfiguration;
			buildSettings = {
				ALWAYS_EMBED_SWIFT_STANDARD_LIBRARIES = YES;
				CODE_SIGN_STYLE = Automatic;
				CURRENT_PROJECT_VERSION = 8;
				DEVELOPMENT_TEAM = V7ET8TF7ZR;
				GENERATE_INFOPLIST_FILE = YES;
				MARKETING_VERSION = 1.0;
				PRODUCT_BUNDLE_IDENTIFIER = com.timozacherl.SubscriptionsUITests;
				PRODUCT_NAME = "$(TARGET_NAME)";
				SWIFT_EMIT_LOC_STRINGS = NO;
				SWIFT_VERSION = 5.0;
				TARGETED_DEVICE_FAMILY = "1,2";
				TEST_TARGET_NAME = Subscriptions;
			};
			name = Debug;
		};
		06409F66276932C000ED3B7A /* Release */ = {
			isa = XCBuildConfiguration;
			buildSettings = {
				ALWAYS_EMBED_SWIFT_STANDARD_LIBRARIES = YES;
				CODE_SIGN_STYLE = Automatic;
				CURRENT_PROJECT_VERSION = 8;
				DEVELOPMENT_TEAM = V7ET8TF7ZR;
				GENERATE_INFOPLIST_FILE = YES;
				MARKETING_VERSION = 1.0;
				PRODUCT_BUNDLE_IDENTIFIER = com.timozacherl.SubscriptionsUITests;
				PRODUCT_NAME = "$(TARGET_NAME)";
				SWIFT_EMIT_LOC_STRINGS = NO;
				SWIFT_VERSION = 5.0;
				TARGETED_DEVICE_FAMILY = "1,2";
				TEST_TARGET_NAME = Subscriptions;
			};
			name = Release;
		};
/* End XCBuildConfiguration section */

/* Begin XCConfigurationList section */
		06409F30276932BF00ED3B7A /* Build configuration list for PBXProject "Subscriptions" */ = {
			isa = XCConfigurationList;
			buildConfigurations = (
				06409F5C276932C000ED3B7A /* Debug */,
				06409F5D276932C000ED3B7A /* Release */,
			);
			defaultConfigurationIsVisible = 0;
			defaultConfigurationName = Release;
		};
		06409F5E276932C000ED3B7A /* Build configuration list for PBXNativeTarget "Subscriptions" */ = {
			isa = XCConfigurationList;
			buildConfigurations = (
				06409F5F276932C000ED3B7A /* Debug */,
				06409F60276932C000ED3B7A /* Release */,
			);
			defaultConfigurationIsVisible = 0;
			defaultConfigurationName = Release;
		};
		06409F61276932C000ED3B7A /* Build configuration list for PBXNativeTarget "SubscriptionsTests" */ = {
			isa = XCConfigurationList;
			buildConfigurations = (
				06409F62276932C000ED3B7A /* Debug */,
				06409F63276932C000ED3B7A /* Release */,
			);
			defaultConfigurationIsVisible = 0;
			defaultConfigurationName = Release;
		};
		06409F64276932C000ED3B7A /* Build configuration list for PBXNativeTarget "SubscriptionsUITests" */ = {
			isa = XCConfigurationList;
			buildConfigurations = (
				06409F65276932C000ED3B7A /* Debug */,
				06409F66276932C000ED3B7A /* Release */,
			);
			defaultConfigurationIsVisible = 0;
			defaultConfigurationName = Release;
		};
/* End XCConfigurationList section */

/* Begin XCRemoteSwiftPackageReference section */
		0680FD8A278A145700A35783 /* XCRemoteSwiftPackageReference "FaviconFinder" */ = {
			isa = XCRemoteSwiftPackageReference;
			repositoryURL = "https://github.com/OpenSesameManager/FaviconFinder";
			requirement = {
				kind = upToNextMajorVersion;
				minimumVersion = 4.0.0;
			};
		};
		06998F5027B59CA4008A9B87 /* XCRemoteSwiftPackageReference "sentry-cocoa" */ = {
			isa = XCRemoteSwiftPackageReference;
			repositoryURL = "https://github.com/getsentry/sentry-cocoa.git";
			requirement = {
				kind = upToNextMajorVersion;
				minimumVersion = 7.0.0;
			};
		};
/* End XCRemoteSwiftPackageReference section */

/* Begin XCSwiftPackageProductDependency section */
		0680FD8B278A145700A35783 /* FaviconFinder */ = {
			isa = XCSwiftPackageProductDependency;
			package = 0680FD8A278A145700A35783 /* XCRemoteSwiftPackageReference "FaviconFinder" */;
			productName = FaviconFinder;
		};
		06998F5127B59CA4008A9B87 /* Sentry */ = {
			isa = XCSwiftPackageProductDependency;
			package = 06998F5027B59CA4008A9B87 /* XCRemoteSwiftPackageReference "sentry-cocoa" */;
			productName = Sentry;
		};
/* End XCSwiftPackageProductDependency section */

/* Begin XCVersionGroup section */
		06409F43276932C000ED3B7A /* Subscriptions.xcdatamodeld */ = {
			isa = XCVersionGroup;
			children = (
				06C1A2BD27A5DD4600112ECC /* Subscriptions 3.xcdatamodel */,
				06047C10279D85CE000ADA4D /* Subscriptions 2.xcdatamodel */,
				06409F44276932C000ED3B7A /* Subscriptions.xcdatamodel */,
			);
			currentVersion = 06C1A2BD27A5DD4600112ECC /* Subscriptions 3.xcdatamodel */;
			path = Subscriptions.xcdatamodeld;
			sourceTree = "<group>";
			versionGroupType = wrapper.xcdatamodel;
		};
/* End XCVersionGroup section */
	};
	rootObject = 06409F2D276932BF00ED3B7A /* Project object */;
}
